
Microsoft Visual Studio Solution File, Format Version 12.00
# Blend for Visual Studio 14
VisualStudioVersion = 14.0.23107.0
MinimumVisualStudioVersion = 10.0.40219.1
Project("{FAE04EC0-301F-11D3-BF4B-00C04F79EFBC}") = "TV.Core", "TV.Core\TV.Core.csproj", "{00BC0114-1A43-48C4-94AF-2A513B6E9605}"
EndProject
Project("{FAE04EC0-301F-11D3-BF4B-00C04F79EFBC}") = "TV.CoreImpl", "TV.CoreImpl\TV.CoreImpl.csproj", "{24321645-B63D-4DE9-8CF0-6AABCA72D0BB}"
EndProject
Project("{FAE04EC0-301F-11D3-BF4B-00C04F79EFBC}") = "TV.ModelImpl", "TV.ModelImpl\TV.ModelImpl.csproj", "{98AE7034-9395-41B8-B57C-46B6EB33937C}"
EndProject
Project("{FAE04EC0-301F-11D3-BF4B-00C04F79EFBC}") = "TV.CoreImpl.Tests", "TV.CoreImpl.Tests\TV.CoreImpl.Tests.csproj", "{1811B0B8-3131-40AF-880B-B0CF594573C2}"
EndProject
Project("{FAE04EC0-301F-11D3-BF4B-00C04F79EFBC}") = "TV.Model", "TV.Model\TV.Model.csproj", "{C09B8B6F-DF47-469C-A19C-8C2731F6C2C8}"
EndProject
Project("{FAE04EC0-301F-11D3-BF4B-00C04F79EFBC}") = "TV.Tiskarna", "TV.Tiskarna\TV.Tiskarna.csproj", "{8FD923C7-FD64-4989-A8AB-EB426753235B}"
EndProject
Global
	GlobalSection(SolutionConfigurationPlatforms) = preSolution
		Debug|Any CPU = Debug|Any CPU
		Release|Any CPU = Release|Any CPU
		Test|Any CPU = Test|Any CPU
	EndGlobalSection
	GlobalSection(ProjectConfigurationPlatforms) = postSolution
		{00BC0114-1A43-48C4-94AF-2A513B6E9605}.Debug|Any CPU.ActiveCfg = Debug|Any CPU
		{00BC0114-1A43-48C4-94AF-2A513B6E9605}.Debug|Any CPU.Build.0 = Debug|Any CPU
		{00BC0114-1A43-48C4-94AF-2A513B6E9605}.Release|Any CPU.ActiveCfg = Release|Any CPU
		{00BC0114-1A43-48C4-94AF-2A513B6E9605}.Release|Any CPU.Build.0 = Release|Any CPU
		{00BC0114-1A43-48C4-94AF-2A513B6E9605}.Test|Any CPU.ActiveCfg = Test|Any CPU
		{00BC0114-1A43-48C4-94AF-2A513B6E9605}.Test|Any CPU.Build.0 = Test|Any CPU
		{24321645-B63D-4DE9-8CF0-6AABCA72D0BB}.Debug|Any CPU.ActiveCfg = Debug|Any CPU
		{24321645-B63D-4DE9-8CF0-6AABCA72D0BB}.Debug|Any CPU.Build.0 = Debug|Any CPU
		{24321645-B63D-4DE9-8CF0-6AABCA72D0BB}.Release|Any CPU.ActiveCfg = Release|Any CPU
		{24321645-B63D-4DE9-8CF0-6AABCA72D0BB}.Release|Any CPU.Build.0 = Release|Any CPU
		{24321645-B63D-4DE9-8CF0-6AABCA72D0BB}.Test|Any CPU.ActiveCfg = Test|Any CPU
		{24321645-B63D-4DE9-8CF0-6AABCA72D0BB}.Test|Any CPU.Build.0 = Test|Any CPU
		{98AE7034-9395-41B8-B57C-46B6EB33937C}.Debug|Any CPU.ActiveCfg = Debug|Any CPU
		{98AE7034-9395-41B8-B57C-46B6EB33937C}.Debug|Any CPU.Build.0 = Debug|Any CPU
		{98AE7034-9395-41B8-B57C-46B6EB33937C}.Release|Any CPU.ActiveCfg = Release|Any CPU
		{98AE7034-9395-41B8-B57C-46B6EB33937C}.Release|Any CPU.Build.0 = Release|Any CPU
		{98AE7034-9395-41B8-B57C-46B6EB33937C}.Test|Any CPU.ActiveCfg = Test|Any CPU
		{98AE7034-9395-41B8-B57C-46B6EB33937C}.Test|Any CPU.Build.0 = Test|Any CPU
		{1811B0B8-3131-40AF-880B-B0CF594573C2}.Debug|Any CPU.ActiveCfg = Debug|Any CPU
		{1811B0B8-3131-40AF-880B-B0CF594573C2}.Debug|Any CPU.Build.0 = Debug|Any CPU
		{1811B0B8-3131-40AF-880B-B0CF594573C2}.Release|Any CPU.ActiveCfg = Release|Any CPU
		{1811B0B8-3131-40AF-880B-B0CF594573C2}.Release|Any CPU.Build.0 = Release|Any CPU
		{1811B0B8-3131-40AF-880B-B0CF594573C2}.Test|Any CPU.ActiveCfg = Release|Any CPU
		{1811B0B8-3131-40AF-880B-B0CF594573C2}.Test|Any CPU.Build.0 = Release|Any CPU
		{C09B8B6F-DF47-469C-A19C-8C2731F6C2C8}.Debug|Any CPU.ActiveCfg = Debug|Any CPU
		{C09B8B6F-DF47-469C-A19C-8C2731F6C2C8}.Debug|Any CPU.Build.0 = Debug|Any CPU
		{C09B8B6F-DF47-469C-A19C-8C2731F6C2C8}.Release|Any CPU.ActiveCfg = Release|Any CPU
		{C09B8B6F-DF47-469C-A19C-8C2731F6C2C8}.Release|Any CPU.Build.0 = Release|Any CPU
		{C09B8B6F-DF47-469C-A19C-8C2731F6C2C8}.Test|Any CPU.ActiveCfg = Release|Any CPU
		{C09B8B6F-DF47-469C-A19C-8C2731F6C2C8}.Test|Any CPU.Build.0 = Release|Any CPU
		{8FD923C7-FD64-4989-A8AB-EB426753235B}.Debug|Any CPU.ActiveCfg = Debug|Any CPU
		{8FD923C7-FD64-4989-A8AB-EB426753235B}.Debug|Any CPU.Build.0 = Debug|Any CPU
		{8FD923C7-FD64-4989-A8AB-EB426753235B}.Release|Any CPU.ActiveCfg = Release|Any CPU
		{8FD923C7-FD64-4989-A8AB-EB426753235B}.Release|Any CPU.Build.0 = Release|Any CPU
		{8FD923C7-FD64-4989-A8AB-EB426753235B}.Test|Any CPU.ActiveCfg = Release|Any CPU
		{8FD923C7-FD64-4989-A8AB-EB426753235B}.Test|Any CPU.Build.0 = Release|Any CPU
	EndGlobalSection
	GlobalSection(SolutionProperties) = preSolution
		HideSolutionNode = FALSE
	EndGlobalSection
EndGlobal
